// !$*UTF8*$!
{
	archiveVersion = 1;
	classes = {
	};
	objectVersion = 50;
	objects = {

/* Begin PBXBuildFile section */
		9529EDCE262ED7BD0019EA22 /* AppDelegate.swift in Sources */ = {isa = PBXBuildFile; fileRef = 9529EDCD262ED7BD0019EA22 /* AppDelegate.swift */; };
		9529EDD0262ED7BD0019EA22 /* SceneDelegate.swift in Sources */ = {isa = PBXBuildFile; fileRef = 9529EDCF262ED7BD0019EA22 /* SceneDelegate.swift */; };
		9529EDD2262ED7BD0019EA22 /* ViewController.swift in Sources */ = {isa = PBXBuildFile; fileRef = 9529EDD1262ED7BD0019EA22 /* ViewController.swift */; };
		9529EDD5262ED7BD0019EA22 /* Main.storyboard in Resources */ = {isa = PBXBuildFile; fileRef = 9529EDD3262ED7BD0019EA22 /* Main.storyboard */; };
		9529EDD7262ED7BF0019EA22 /* Assets.xcassets in Resources */ = {isa = PBXBuildFile; fileRef = 9529EDD6262ED7BF0019EA22 /* Assets.xcassets */; };
		9529EDDA262ED7BF0019EA22 /* LaunchScreen.storyboard in Resources */ = {isa = PBXBuildFile; fileRef = 9529EDD8262ED7BF0019EA22 /* LaunchScreen.storyboard */; };
		9529EDE4262ED81D0019EA22 /* CVC_Cell.swift in Sources */ = {isa = PBXBuildFile; fileRef = 9529EDE2262ED81D0019EA22 /* CVC_Cell.swift */; };
		9529EDE5262ED81D0019EA22 /* CVC_Cell.xib in Resources */ = {isa = PBXBuildFile; fileRef = 9529EDE3262ED81D0019EA22 /* CVC_Cell.xib */; };
		9529EDE8262EFEBD0019EA22 /* ColumnFlowLayout.swift in Sources */ = {isa = PBXBuildFile; fileRef = 9529EDE7262EFEBD0019EA22 /* ColumnFlowLayout.swift */; };
/* End PBXBuildFile section */

/* Begin PBXFileReference section */
		9529EDCA262ED7BD0019EA22 /* CollectionView.app */ = {isa = PBXFileReference; explicitFileType = wrapper.application; includeInIndex = 0; path = CollectionView.app; sourceTree = BUILT_PRODUCTS_DIR; };
		9529EDCD262ED7BD0019EA22 /* AppDelegate.swift */ = {isa = PBXFileReference; lastKnownFileType = sourcecode.swift; path = AppDelegate.swift; sourceTree = "<group>"; };
		9529EDCF262ED7BD0019EA22 /* SceneDelegate.swift */ = {isa = PBXFileReference; lastKnownFileType = sourcecode.swift; path = SceneDelegate.swift; sourceTree = "<group>"; };
		9529EDD1262ED7BD0019EA22 /* ViewController.swift */ = {isa = PBXFileReference; lastKnownFileType = sourcecode.swift; path = ViewController.swift; sourceTree = "<group>"; };
		9529EDD4262ED7BD0019EA22 /* Base */ = {isa = PBXFileReference; lastKnownFileType = file.storyboard; name = Base; path = Base.lproj/Main.storyboard; sourceTree = "<group>"; };
		9529EDD6262ED7BF0019EA22 /* Assets.xcassets */ = {isa = PBXFileReference; lastKnownFileType = folder.assetcatalog; path = Assets.xcassets; sourceTree = "<group>"; };
		9529EDD9262ED7BF0019EA22 /* Base */ = {isa = PBXFileReference; lastKnownFileType = file.storyboard; name = Base; path = Base.lproj/LaunchScreen.storyboard; sourceTree = "<group>"; };
		9529EDDB262ED7BF0019EA22 /* Info.plist */ = {isa = PBXFileReference; lastKnownFileType = text.plist.xml; path = Info.plist; sourceTree = "<group>"; };
		9529EDE2262ED81D0019EA22 /* CVC_Cell.swift */ = {isa = PBXFileReference; lastKnownFileType = sourcecode.swift; path = CVC_Cell.swift; sourceTree = "<group>"; };
		9529EDE3262ED81D0019EA22 /* CVC_Cell.xib */ = {isa = PBXFileReference; lastKnownFileType = file.xib; path = CVC_Cell.xib; sourceTree = "<group>"; };
		9529EDE7262EFEBD0019EA22 /* ColumnFlowLayout.swift */ = {isa = PBXFileReference; lastKnownFileType = sourcecode.swift; path = ColumnFlowLayout.swift; sourceTree = "<group>"; };
/* End PBXFileReference section */

/* Begin PBXFrameworksBuildPhase section */
		9529EDC7262ED7BD0019EA22 /* Frameworks */ = {
			isa = PBXFrameworksBuildPhase;
			buildActionMask = 2147483647;
			files = (
			);
			runOnlyForDeploymentPostprocessing = 0;
		};
/* End PBXFrameworksBuildPhase section */

/* Begin PBXGroup section */
		9529EDC1262ED7BC0019EA22 = {
			isa = PBXGroup;
			children = (
				9529EDCC262ED7BD0019EA22 /* CollectionView */,
				9529EDCB262ED7BD0019EA22 /* Products */,
			);
			sourceTree = "<group>";
		};
		9529EDCB262ED7BD0019EA22 /* Products */ = {
			isa = PBXGroup;
			children = (
				9529EDCA262ED7BD0019EA22 /* CollectionView.app */,
			);
			name = Products;
			sourceTree = "<group>";
		};
		9529EDCC262ED7BD0019EA22 /* CollectionView */ = {
			isa = PBXGroup;
			children = (
				9529EDCD262ED7BD0019EA22 /* AppDelegate.swift */,
				9529EDCF262ED7BD0019EA22 /* SceneDelegate.swift */,
				9529EDD1262ED7BD0019EA22 /* ViewController.swift */,
				9529EDD3262ED7BD0019EA22 /* Main.storyboard */,
				9529EDD6262ED7BF0019EA22 /* Assets.xcassets */,
				9529EDD8262ED7BF0019EA22 /* LaunchScreen.storyboard */,
				9529EDDB262ED7BF0019EA22 /* Info.plist */,
				9529EDE2262ED81D0019EA22 /* CVC_Cell.swift */,
				9529EDE3262ED81D0019EA22 /* CVC_Cell.xib */,
				9529EDE7262EFEBD0019EA22 /* ColumnFlowLayout.swift */,
			);
			path = CollectionView;
			sourceTree = "<group>";
		};
/* End PBXGroup section */

/* Begin PBXNativeTarget section */
		9529EDC9262ED7BD0019EA22 /* CollectionView */ = {
			isa = PBXNativeTarget;
			buildConfigurationList = 9529EDDE262ED7BF0019EA22 /* Build configuration list for PBXNativeTarget "CollectionView" */;
			buildPhases = (
				9529EDC6262ED7BD0019EA22 /* Sources */,
				9529EDC7262ED7BD0019EA22 /* Frameworks */,
				9529EDC8262ED7BD0019EA22 /* Resources */,
			);
			buildRules = (
			);
			dependencies = (
			);
			name = CollectionView;
			productName = CollectionView;
			productReference = 9529EDCA262ED7BD0019EA22 /* CollectionView.app */;
			productType = "com.apple.product-type.application";
		};
/* End PBXNativeTarget section */

/* Begin PBXProject section */
		9529EDC2262ED7BC0019EA22 /* Project object */ = {
			isa = PBXProject;
			attributes = {
				LastSwiftUpdateCheck = 1240;
				LastUpgradeCheck = 1240;
				TargetAttributes = {
					9529EDC9262ED7BD0019EA22 = {
						CreatedOnToolsVersion = 12.4;
					};
				};
			};
			buildConfigurationList = 9529EDC5262ED7BC0019EA22 /* Build configuration list for PBXProject "CollectionView" */;
			compatibilityVersion = "Xcode 9.3";
			developmentRegion = en;
			hasScannedForEncodings = 0;
			knownRegions = (
				en,
				Base,
			);
			mainGroup = 9529EDC1262ED7BC0019EA22;
			productRefGroup = 9529EDCB262ED7BD0019EA22 /* Products */;
			projectDirPath = "";
			projectRoot = "";
			targets = (
				9529EDC9262ED7BD0019EA22 /* CollectionView */,
			);
		};
/* End PBXProject section */

/* Begin PBXResourcesBuildPhase section */
		9529EDC8262ED7BD0019EA22 /* Resources */ = {
			isa = PBXResourcesBuildPhase;
			buildActionMask = 2147483647;
			files = (
				9529EDE5262ED81D0019EA22 /* CVC_Cell.xib in Resources */,
				9529EDDA262ED7BF0019EA22 /* LaunchScreen.storyboard in Resources */,
				9529EDD7262ED7BF0019EA22 /* Assets.xcassets in Resources */,
				9529EDD5262ED7BD0019EA22 /* Main.storyboard in Resources */,
			);
			runOnlyForDeploymentPostprocessing = 0;
		};
/* End PBXResourcesBuildPhase section */

/* Begin PBXSourcesBuildPhase section */
		9529EDC6262ED7BD0019EA22 /* Sources */ = {
			isa = PBXSourcesBuildPhase;
			buildActionMask = 2147483647;
			files = (
				9529EDE4262ED81D0019EA22 /* CVC_Cell.swift in Sources */,
				9529EDD2262ED7BD0019EA22 /* ViewController.swift in Sources */,
				9529EDE8262EFEBD0019EA22 /* ColumnFlowLayout.swift in Sources */,
				9529EDCE262ED7BD0019EA22 /* AppDelegate.swift in Sources */,
				9529EDD0262ED7BD0019EA22 /* SceneDelegate.swift in Sources */,
			);
			runOnlyForDeploymentPostprocessing = 0;
		};
/* End PBXSourcesBuildPhase section */

/* Begin PBXVariantGroup section */
		9529EDD3262ED7BD0019EA22 /* Main.storyboard */ = {
			isa = PBXVariantGroup;
			children = (
				9529EDD4262ED7BD0019EA22 /* Base */,
			);
			name = Main.storyboard;
			sourceTree = "<group>";
		};
		9529EDD8262ED7BF0019EA22 /* LaunchScreen.storyboard */ = {
			isa = PBXVariantGroup;
			children = (
				9529EDD9262ED7BF0019EA22 /* Base */,
			);
			name = LaunchScreen.storyboard;
			sourceTree = "<group>";
		};
/* End PBXVariantGroup section */

/* Begin XCBuildConfiguration section */
		9529EDDC262ED7BF0019EA22 /* Debug */ = {
			isa = XCBuildConfiguration;
			buildSettings = {
				ALWAYS_SEARCH_USER_PATHS = NO;
				CLANG_ANALYZER_NONNULL = YES;
				CLANG_ANALYZER_NUMBER_OBJECT_CONVERSION = YES_AGGRESSIVE;
				CLANG_CXX_LANGUAGE_STANDARD = "gnu++14";
				CLANG_CXX_LIBRARY = "libc++";
				CLANG_ENABLE_MODULES = YES;
				CLANG_ENABLE_OBJC_ARC = YES;
				CLANG_ENABLE_OBJC_WEAK = YES;
				CLANG_WARN_BLOCK_CAPTURE_AUTORELEASING = YES;
				CLANG_WARN_BOOL_CONVERSION = YES;
				CLANG_WARN_COMMA = YES;
				CLANG_WARN_CONSTANT_CONVERSION = YES;
				CLANG_WARN_DEPRECATED_OBJC_IMPLEMENTATIONS = YES;
				CLANG_WARN_DIRECT_OBJC_ISA_USAGE = YES_ERROR;
				CLANG_WARN_DOCUMENTATION_COMMENTS = YES;
				CLANG_WARN_EMPTY_BODY = YES;
				CLANG_WARN_ENUM_CONVERSION = YES;
				CLANG_WARN_INFINITE_RECURSION = YES;
				CLANG_WARN_INT_CONVERSION = YES;
				CLANG_WARN_NON_LITERAL_NULL_CONVERSION = YES;
				CLANG_WARN_OBJC_IMPLICIT_RETAIN_SELF = YES;
				CLANG_WARN_OBJC_LITERAL_CONVERSION = YES;
				CLANG_WARN_OBJC_ROOT_CLASS = YES_ERROR;
				CLANG_WARN_QUOTED_INCLUDE_IN_FRAMEWORK_HEADER = YES;
				CLANG_WARN_RANGE_LOOP_ANALYSIS = YES;
				CLANG_WARN_STRICT_PROTOTYPES = YES;
				CLANG_WARN_SUSPICIOUS_MOVE = YES;
				CLANG_WARN_UNGUARDED_AVAILABILITY = YES_AGGRESSIVE;
				CLANG_WARN_UNREACHABLE_CODE = YES;
				CLANG_WARN__DUPLICATE_METHOD_MATCH = YES;
				COPY_PHASE_STRIP = NO;
				DEBUG_INFORMATION_FORMAT = dwarf;
				ENABLE_STRICT_OBJC_MSGSEND = YES;
				ENABLE_TESTABILITY = YES;
				GCC_C_LANGUAGE_STANDARD = gnu11;
				GCC_DYNAMIC_NO_PIC = NO;
				GCC_NO_COMMON_BLOCKS = YES;
				GCC_OPTIMIZATION_LEVEL = 0;
				GCC_PREPROCESSOR_DEFINITIONS = (
					"DEBUG=1",
					"$(inherited)",
				);
				GCC_WARN_64_TO_32_BIT_CONVERSION = YES;
				GCC_WARN_ABOUT_RETURN_TYPE = YES_ERROR;
				GCC_WARN_UNDECLARED_SELECTOR = YES;
				GCC_WARN_UNINITIALIZED_AUTOS = YES_AGGRESSIVE;
				GCC_WARN_UNUSED_FUNCTION = YES;
				GCC_WARN_UNUSED_VARIABLE = YES;
				IPHONEOS_DEPLOYMENT_TARGET = 14.4;
				MTL_ENABLE_DEBUG_INFO = INCLUDE_SOURCE;
				MTL_FAST_MATH = YES;
				ONLY_ACTIVE_ARCH = YES;
				SDKROOT = iphoneos;
				SWIFT_ACTIVE_COMPILATION_CONDITIONS = DEBUG;
				SWIFT_OPTIMIZATION_LEVEL = "-Onone";
			};
			name = Debug;
		};
		9529EDDD262ED7BF0019EA22 /* Release */ = {
			isa = XCBuildConfiguration;
			buildSettings = {
				ALWAYS_SEARCH_USER_PATHS = NO;
				CLANG_ANALYZER_NONNULL = YES;
				CLANG_ANALYZER_NUMBER_OBJECT_CONVERSION = YES_AGGRESSIVE;
				CLANG_CXX_LANGUAGE_STANDARD = "gnu++14";
				CLANG_CXX_LIBRARY = "libc++";
				CLANG_ENABLE_MODULES = YES;
				CLANG_ENABLE_OBJC_ARC = YES;
				CLANG_ENABLE_OBJC_WEAK = YES;
				CLANG_WARN_BLOCK_CAPTURE_AUTORELEASING = YES;
				CLANG_WARN_BOOL_CONVERSION = YES;
				CLANG_WARN_COMMA = YES;
				CLANG_WARN_CONSTANT_CONVERSION = YES;
				CLANG_WARN_DEPRECATED_OBJC_IMPLEMENTATIONS = YES;
				CLANG_WARN_DIRECT_OBJC_ISA_USAGE = YES_ERROR;
				CLANG_WARN_DOCUMENTATION_COMMENTS = YES;
				CLANG_WARN_EMPTY_BODY = YES;
				CLANG_WARN_ENUM_CONVERSION = YES;
				CLANG_WARN_INFINITE_RECURSION = YES;
				CLANG_WARN_INT_CONVERSION = YES;
				CLANG_WARN_NON_LITERAL_NULL_CONVERSION = YES;
				CLANG_WARN_OBJC_IMPLICIT_RETAIN_SELF = YES;
				CLANG_WARN_OBJC_LITERAL_CONVERSION = YES;
				CLANG_WARN_OBJC_ROOT_CLASS = YES_ERROR;
				CLANG_WARN_QUOTED_INCLUDE_IN_FRAMEWORK_HEADER = YES;
				CLANG_WARN_RANGE_LOOP_ANALYSIS = YES;
				CLANG_WARN_STRICT_PROTOTYPES = YES;
				CLANG_WARN_SUSPICIOUS_MOVE = YES;
				CLANG_WARN_UNGUARDED_AVAILABILITY = YES_AGGRESSIVE;
				CLANG_WARN_UNREACHABLE_CODE = YES;
				CLANG_WARN__DUPLICATE_METHOD_MATCH = YES;
				COPY_PHASE_STRIP = NO;
				DEBUG_INFORMATION_FORMAT = "dwarf-with-dsym";
				ENABLE_NS_ASSERTIONS = NO;
				ENABLE_STRICT_OBJC_MSGSEND = YES;
				GCC_C_LANGUAGE_STANDARD = gnu11;
				GCC_NO_COMMON_BLOCKS = YES;
				GCC_WARN_64_TO_32_BIT_CONVERSION = YES;
				GCC_WARN_ABOUT_RETURN_TYPE = YES_ERROR;
				GCC_WARN_UNDECLARED_SELECTOR = YES;
				GCC_WARN_UNINITIALIZED_AUTOS = YES_AGGRESSIVE;
				GCC_WARN_UNUSED_FUNCTION = YES;
				GCC_WARN_UNUSED_VARIABLE = YES;
				IPHONEOS_DEPLOYMENT_TARGET = 14.4;
				MTL_ENABLE_DEBUG_INFO = NO;
				MTL_FAST_MATH = YES;
				SDKROOT = iphoneos;
				SWIFT_COMPILATION_MODE = wholemodule;
				SWIFT_OPTIMIZATION_LEVEL = "-O";
				VALIDATE_PRODUCT = YES;
			};
			name = Release;
		};
		9529EDDF262ED7BF0019EA22 /* Debug */ = {
			isa = XCBuildConfiguration;
			buildSettings = {
				ASSETCATALOG_COMPILER_APPICON_NAME = AppIcon;
				ASSETCATALOG_COMPILER_GLOBAL_ACCENT_COLOR_NAME = AccentColor;
				CODE_SIGN_STYLE = Automatic;
				DEVELOPMENT_TEAM = 6RWH32DSX5;
				INFOPLIST_FILE = CollectionView/Info.plist;
				LD_RUNPATH_SEARCH_PATHS = (
					"$(inherited)",
					"@executable_path/Frameworks",
				);
				PRODUCT_BUNDLE_IDENTIFIER = com.koseali.CollectionView;
				PRODUCT_NAME = "$(TARGET_NAME)";
				SWIFT_VERSION = 5.0;
				TARGETED_DEVICE_FAMILY = "1,2";
			};
			name = Debug;
		};
		9529EDE0262ED7BF0019EA22 /* Release */ = {
			isa = XCBuildConfiguration;
			buildSettings = {
				ASSETCATALOG_COMPILER_APPICON_NAME = AppIcon;
				ASSETCATALOG_COMPILER_GLOBAL_ACCENT_COLOR_NAME = AccentColor;
				CODE_SIGN_STYLE = Automatic;
				DEVELOPMENT_TEAM = 6RWH32DSX5;
				INFOPLIST_FILE = CollectionView/Info.plist;
				LD_RUNPATH_SEARCH_PATHS = (
					"$(inherited)",
					"@executable_path/Frameworks",
				);
				PRODUCT_BUNDLE_IDENTIFIER = com.koseali.CollectionView;
				PRODUCT_NAME = "$(TARGET_NAME)";
				SWIFT_VERSION = 5.0;
				TARGETED_DEVICE_FAMILY = "1,2";
			};
			name = Release;
		};
/* End XCBuildConfiguration section */

/* Begin XCConfigurationList section */
		9529EDC5262ED7BC0019EA22 /* Build configuration list for PBXProject "CollectionView" */ = {
			isa = XCConfigurationList;
			buildConfigurations = (
				9529EDDC262ED7BF0019EA22 /* Debug */,
				9529EDDD262ED7BF0019EA22 /* Release */,
			);
			defaultConfigurationIsVisible = 0;
			defaultConfigurationName = Release;
		};
		9529EDDE262ED7BF0019EA22 /* Build configuration list for PBXNativeTarget "CollectionView" */ = {
			isa = XCConfigurationList;
			buildConfigurations = (
				9529EDDF262ED7BF0019EA22 /* Debug */,
				9529EDE0262ED7BF0019EA22 /* Release */,
			);
			defaultConfigurationIsVisible = 0;
			defaultConfigurationName = Release;
		};
/* End XCConfigurationList section */
	};
	rootObject = 9529EDC2262ED7BC0019EA22 /* Project object */;
}
