// !$*UTF8*$!
{
	archiveVersion = 1;
	classes = {
	};
	objectVersion = 50;
	objects = {

/* Begin PBXBuildFile section */
		95938D91263196A800A34DB2 /* AppDelegate.swift in Sources */ = {isa = PBXBuildFile; fileRef = 95938D90263196A800A34DB2 /* AppDelegate.swift */; };
		95938D93263196A800A34DB2 /* SceneDelegate.swift in Sources */ = {isa = PBXBuildFile; fileRef = 95938D92263196A800A34DB2 /* SceneDelegate.swift */; };
		95938D95263196A800A34DB2 /* ViewController.swift in Sources */ = {isa = PBXBuildFile; fileRef = 95938D94263196A800A34DB2 /* ViewController.swift */; };
		95938D98263196A800A34DB2 /* Main.storyboard in Resources */ = {isa = PBXBuildFile; fileRef = 95938D96263196A800A34DB2 /* Main.storyboard */; };
		95938D9A263196A900A34DB2 /* Assets.xcassets in Resources */ = {isa = PBXBuildFile; fileRef = 95938D99263196A900A34DB2 /* Assets.xcassets */; };
		95938D9D263196A900A34DB2 /* LaunchScreen.storyboard in Resources */ = {isa = PBXBuildFile; fileRef = 95938D9B263196A900A34DB2 /* LaunchScreen.storyboard */; };
		95938DA72631984100A34DB2 /* TableViewCell.swift in Sources */ = {isa = PBXBuildFile; fileRef = 95938DA52631984100A34DB2 /* TableViewCell.swift */; };
		95938DA82631984100A34DB2 /* TableViewCell.xib in Resources */ = {isa = PBXBuildFile; fileRef = 95938DA62631984100A34DB2 /* TableViewCell.xib */; };
		95938DAB263198FF00A34DB2 /* Makale.swift in Sources */ = {isa = PBXBuildFile; fileRef = 95938DAA263198FF00A34DB2 /* Makale.swift */; };
/* End PBXBuildFile section */

/* Begin PBXFileReference section */
		95938D8D263196A800A34DB2 /* List_Lab.app */ = {isa = PBXFileReference; explicitFileType = wrapper.application; includeInIndex = 0; path = List_Lab.app; sourceTree = BUILT_PRODUCTS_DIR; };
		95938D90263196A800A34DB2 /* AppDelegate.swift */ = {isa = PBXFileReference; lastKnownFileType = sourcecode.swift; path = AppDelegate.swift; sourceTree = "<group>"; };
		95938D92263196A800A34DB2 /* SceneDelegate.swift */ = {isa = PBXFileReference; lastKnownFileType = sourcecode.swift; path = SceneDelegate.swift; sourceTree = "<group>"; };
		95938D94263196A800A34DB2 /* ViewController.swift */ = {isa = PBXFileReference; lastKnownFileType = sourcecode.swift; path = ViewController.swift; sourceTree = "<group>"; };
		95938D97263196A800A34DB2 /* Base */ = {isa = PBXFileReference; lastKnownFileType = file.storyboard; name = Base; path = Base.lproj/Main.storyboard; sourceTree = "<group>"; };
		95938D99263196A900A34DB2 /* Assets.xcassets */ = {isa = PBXFileReference; lastKnownFileType = folder.assetcatalog; path = Assets.xcassets; sourceTree = "<group>"; };
		95938D9C263196A900A34DB2 /* Base */ = {isa = PBXFileReference; lastKnownFileType = file.storyboard; name = Base; path = Base.lproj/LaunchScreen.storyboard; sourceTree = "<group>"; };
		95938D9E263196A900A34DB2 /* Info.plist */ = {isa = PBXFileReference; lastKnownFileType = text.plist.xml; path = Info.plist; sourceTree = "<group>"; };
		95938DA52631984100A34DB2 /* TableViewCell.swift */ = {isa = PBXFileReference; lastKnownFileType = sourcecode.swift; path = TableViewCell.swift; sourceTree = "<group>"; };
		95938DA62631984100A34DB2 /* TableViewCell.xib */ = {isa = PBXFileReference; lastKnownFileType = file.xib; path = TableViewCell.xib; sourceTree = "<group>"; };
		95938DAA263198FF00A34DB2 /* Makale.swift */ = {isa = PBXFileReference; lastKnownFileType = sourcecode.swift; path = Makale.swift; sourceTree = "<group>"; };
/* End PBXFileReference section */

/* Begin PBXFrameworksBuildPhase section */
		95938D8A263196A800A34DB2 /* Frameworks */ = {
			isa = PBXFrameworksBuildPhase;
			buildActionMask = 2147483647;
			files = (
			);
			runOnlyForDeploymentPostprocessing = 0;
		};
/* End PBXFrameworksBuildPhase section */

/* Begin PBXGroup section */
		95938D84263196A700A34DB2 = {
			isa = PBXGroup;
			children = (
				95938D8F263196A800A34DB2 /* List_Lab */,
				95938D8E263196A800A34DB2 /* Products */,
			);
			sourceTree = "<group>";
		};
		95938D8E263196A800A34DB2 /* Products */ = {
			isa = PBXGroup;
			children = (
				95938D8D263196A800A34DB2 /* List_Lab.app */,
			);
			name = Products;
			sourceTree = "<group>";
		};
		95938D8F263196A800A34DB2 /* List_Lab */ = {
			isa = PBXGroup;
			children = (
				95938D90263196A800A34DB2 /* AppDelegate.swift */,
				95938D92263196A800A34DB2 /* SceneDelegate.swift */,
				95938D94263196A800A34DB2 /* ViewController.swift */,
				95938D96263196A800A34DB2 /* Main.storyboard */,
				95938D99263196A900A34DB2 /* Assets.xcassets */,
				95938D9B263196A900A34DB2 /* LaunchScreen.storyboard */,
				95938D9E263196A900A34DB2 /* Info.plist */,
				95938DA52631984100A34DB2 /* TableViewCell.swift */,
				95938DA62631984100A34DB2 /* TableViewCell.xib */,
				95938DAA263198FF00A34DB2 /* Makale.swift */,
			);
			path = List_Lab;
			sourceTree = "<group>";
		};
/* End PBXGroup section */

/* Begin PBXNativeTarget section */
		95938D8C263196A800A34DB2 /* List_Lab */ = {
			isa = PBXNativeTarget;
			buildConfigurationList = 95938DA1263196A900A34DB2 /* Build configuration list for PBXNativeTarget "List_Lab" */;
			buildPhases = (
				95938D89263196A800A34DB2 /* Sources */,
				95938D8A263196A800A34DB2 /* Frameworks */,
				95938D8B263196A800A34DB2 /* Resources */,
			);
			buildRules = (
			);
			dependencies = (
			);
			name = List_Lab;
			productName = List_Lab;
			productReference = 95938D8D263196A800A34DB2 /* List_Lab.app */;
			productType = "com.apple.product-type.application";
		};
/* End PBXNativeTarget section */

/* Begin PBXProject section */
		95938D85263196A700A34DB2 /* Project object */ = {
			isa = PBXProject;
			attributes = {
				LastSwiftUpdateCheck = 1240;
				LastUpgradeCheck = 1240;
				TargetAttributes = {
					95938D8C263196A800A34DB2 = {
						CreatedOnToolsVersion = 12.4;
					};
				};
			};
			buildConfigurationList = 95938D88263196A700A34DB2 /* Build configuration list for PBXProject "List_Lab" */;
			compatibilityVersion = "Xcode 9.3";
			developmentRegion = en;
			hasScannedForEncodings = 0;
			knownRegions = (
				en,
				Base,
			);
			mainGroup = 95938D84263196A700A34DB2;
			productRefGroup = 95938D8E263196A800A34DB2 /* Products */;
			projectDirPath = "";
			projectRoot = "";
			targets = (
				95938D8C263196A800A34DB2 /* List_Lab */,
			);
		};
/* End PBXProject section */

/* Begin PBXResourcesBuildPhase section */
		95938D8B263196A800A34DB2 /* Resources */ = {
			isa = PBXResourcesBuildPhase;
			buildActionMask = 2147483647;
			files = (
				95938D9D263196A900A34DB2 /* LaunchScreen.storyboard in Resources */,
				95938DA82631984100A34DB2 /* TableViewCell.xib in Resources */,
				95938D9A263196A900A34DB2 /* Assets.xcassets in Resources */,
				95938D98263196A800A34DB2 /* Main.storyboard in Resources */,
			);
			runOnlyForDeploymentPostprocessing = 0;
		};
/* End PBXResourcesBuildPhase section */

/* Begin PBXSourcesBuildPhase section */
		95938D89263196A800A34DB2 /* Sources */ = {
			isa = PBXSourcesBuildPhase;
			buildActionMask = 2147483647;
			files = (
				95938D95263196A800A34DB2 /* ViewController.swift in Sources */,
				95938DA72631984100A34DB2 /* TableViewCell.swift in Sources */,
				95938D91263196A800A34DB2 /* AppDelegate.swift in Sources */,
				95938DAB263198FF00A34DB2 /* Makale.swift in Sources */,
				95938D93263196A800A34DB2 /* SceneDelegate.swift in Sources */,
			);
			runOnlyForDeploymentPostprocessing = 0;
		};
/* End PBXSourcesBuildPhase section */

/* Begin PBXVariantGroup section */
		95938D96263196A800A34DB2 /* Main.storyboard */ = {
			isa = PBXVariantGroup;
			children = (
				95938D97263196A800A34DB2 /* Base */,
			);
			name = Main.storyboard;
			sourceTree = "<group>";
		};
		95938D9B263196A900A34DB2 /* LaunchScreen.storyboard */ = {
			isa = PBXVariantGroup;
			children = (
				95938D9C263196A900A34DB2 /* Base */,
			);
			name = LaunchScreen.storyboard;
			sourceTree = "<group>";
		};
/* End PBXVariantGroup section */

/* Begin XCBuildConfiguration section */
		95938D9F263196A900A34DB2 /* Debug */ = {
			isa = XCBuildConfiguration;
			buildSettings = {
				ALWAYS_SEARCH_USER_PATHS = NO;
				CLANG_ANALYZER_NONNULL = YES;
				CLANG_ANALYZER_NUMBER_OBJECT_CONVERSION = YES_AGGRESSIVE;
				CLANG_CXX_LANGUAGE_STANDARD = "gnu++14";
				CLANG_CXX_LIBRARY = "libc++";
				CLANG_ENABLE_MODULES = YES;
				CLANG_ENABLE_OBJC_ARC = YES;
				CLANG_ENABLE_OBJC_WEAK = YES;
				CLANG_WARN_BLOCK_CAPTURE_AUTORELEASING = YES;
				CLANG_WARN_BOOL_CONVERSION = YES;
				CLANG_WARN_COMMA = YES;
				CLANG_WARN_CONSTANT_CONVERSION = YES;
				CLANG_WARN_DEPRECATED_OBJC_IMPLEMENTATIONS = YES;
				CLANG_WARN_DIRECT_OBJC_ISA_USAGE = YES_ERROR;
				CLANG_WARN_DOCUMENTATION_COMMENTS = YES;
				CLANG_WARN_EMPTY_BODY = YES;
				CLANG_WARN_ENUM_CONVERSION = YES;
				CLANG_WARN_INFINITE_RECURSION = YES;
				CLANG_WARN_INT_CONVERSION = YES;
				CLANG_WARN_NON_LITERAL_NULL_CONVERSION = YES;
				CLANG_WARN_OBJC_IMPLICIT_RETAIN_SELF = YES;
				CLANG_WARN_OBJC_LITERAL_CONVERSION = YES;
				CLANG_WARN_OBJC_ROOT_CLASS = YES_ERROR;
				CLANG_WARN_QUOTED_INCLUDE_IN_FRAMEWORK_HEADER = YES;
				CLANG_WARN_RANGE_LOOP_ANALYSIS = YES;
				CLANG_WARN_STRICT_PROTOTYPES = YES;
				CLANG_WARN_SUSPICIOUS_MOVE = YES;
				CLANG_WARN_UNGUARDED_AVAILABILITY = YES_AGGRESSIVE;
				CLANG_WARN_UNREACHABLE_CODE = YES;
				CLANG_WARN__DUPLICATE_METHOD_MATCH = YES;
				COPY_PHASE_STRIP = NO;
				DEBUG_INFORMATION_FORMAT = dwarf;
				ENABLE_STRICT_OBJC_MSGSEND = YES;
				ENABLE_TESTABILITY = YES;
				GCC_C_LANGUAGE_STANDARD = gnu11;
				GCC_DYNAMIC_NO_PIC = NO;
				GCC_NO_COMMON_BLOCKS = YES;
				GCC_OPTIMIZATION_LEVEL = 0;
				GCC_PREPROCESSOR_DEFINITIONS = (
					"DEBUG=1",
					"$(inherited)",
				);
				GCC_WARN_64_TO_32_BIT_CONVERSION = YES;
				GCC_WARN_ABOUT_RETURN_TYPE = YES_ERROR;
				GCC_WARN_UNDECLARED_SELECTOR = YES;
				GCC_WARN_UNINITIALIZED_AUTOS = YES_AGGRESSIVE;
				GCC_WARN_UNUSED_FUNCTION = YES;
				GCC_WARN_UNUSED_VARIABLE = YES;
				IPHONEOS_DEPLOYMENT_TARGET = 14.4;
				MTL_ENABLE_DEBUG_INFO = INCLUDE_SOURCE;
				MTL_FAST_MATH = YES;
				ONLY_ACTIVE_ARCH = YES;
				SDKROOT = iphoneos;
				SWIFT_ACTIVE_COMPILATION_CONDITIONS = DEBUG;
				SWIFT_OPTIMIZATION_LEVEL = "-Onone";
			};
			name = Debug;
		};
		95938DA0263196A900A34DB2 /* Release */ = {
			isa = XCBuildConfiguration;
			buildSettings = {
				ALWAYS_SEARCH_USER_PATHS = NO;
				CLANG_ANALYZER_NONNULL = YES;
				CLANG_ANALYZER_NUMBER_OBJECT_CONVERSION = YES_AGGRESSIVE;
				CLANG_CXX_LANGUAGE_STANDARD = "gnu++14";
				CLANG_CXX_LIBRARY = "libc++";
				CLANG_ENABLE_MODULES = YES;
				CLANG_ENABLE_OBJC_ARC = YES;
				CLANG_ENABLE_OBJC_WEAK = YES;
				CLANG_WARN_BLOCK_CAPTURE_AUTORELEASING = YES;
				CLANG_WARN_BOOL_CONVERSION = YES;
				CLANG_WARN_COMMA = YES;
				CLANG_WARN_CONSTANT_CONVERSION = YES;
				CLANG_WARN_DEPRECATED_OBJC_IMPLEMENTATIONS = YES;
				CLANG_WARN_DIRECT_OBJC_ISA_USAGE = YES_ERROR;
				CLANG_WARN_DOCUMENTATION_COMMENTS = YES;
				CLANG_WARN_EMPTY_BODY = YES;
				CLANG_WARN_ENUM_CONVERSION = YES;
				CLANG_WARN_INFINITE_RECURSION = YES;
				CLANG_WARN_INT_CONVERSION = YES;
				CLANG_WARN_NON_LITERAL_NULL_CONVERSION = YES;
				CLANG_WARN_OBJC_IMPLICIT_RETAIN_SELF = YES;
				CLANG_WARN_OBJC_LITERAL_CONVERSION = YES;
				CLANG_WARN_OBJC_ROOT_CLASS = YES_ERROR;
				CLANG_WARN_QUOTED_INCLUDE_IN_FRAMEWORK_HEADER = YES;
				CLANG_WARN_RANGE_LOOP_ANALYSIS = YES;
				CLANG_WARN_STRICT_PROTOTYPES = YES;
				CLANG_WARN_SUSPICIOUS_MOVE = YES;
				CLANG_WARN_UNGUARDED_AVAILABILITY = YES_AGGRESSIVE;
				CLANG_WARN_UNREACHABLE_CODE = YES;
				CLANG_WARN__DUPLICATE_METHOD_MATCH = YES;
				COPY_PHASE_STRIP = NO;
				DEBUG_INFORMATION_FORMAT = "dwarf-with-dsym";
				ENABLE_NS_ASSERTIONS = NO;
				ENABLE_STRICT_OBJC_MSGSEND = YES;
				GCC_C_LANGUAGE_STANDARD = gnu11;
				GCC_NO_COMMON_BLOCKS = YES;
				GCC_WARN_64_TO_32_BIT_CONVERSION = YES;
				GCC_WARN_ABOUT_RETURN_TYPE = YES_ERROR;
				GCC_WARN_UNDECLARED_SELECTOR = YES;
				GCC_WARN_UNINITIALIZED_AUTOS = YES_AGGRESSIVE;
				GCC_WARN_UNUSED_FUNCTION = YES;
				GCC_WARN_UNUSED_VARIABLE = YES;
				IPHONEOS_DEPLOYMENT_TARGET = 14.4;
				MTL_ENABLE_DEBUG_INFO = NO;
				MTL_FAST_MATH = YES;
				SDKROOT = iphoneos;
				SWIFT_COMPILATION_MODE = wholemodule;
				SWIFT_OPTIMIZATION_LEVEL = "-O";
				VALIDATE_PRODUCT = YES;
			};
			name = Release;
		};
		95938DA2263196A900A34DB2 /* Debug */ = {
			isa = XCBuildConfiguration;
			buildSettings = {
				ASSETCATALOG_COMPILER_APPICON_NAME = AppIcon;
				ASSETCATALOG_COMPILER_GLOBAL_ACCENT_COLOR_NAME = AccentColor;
				CODE_SIGN_STYLE = Automatic;
				DEVELOPMENT_TEAM = 6RWH32DSX5;
				INFOPLIST_FILE = List_Lab/Info.plist;
				LD_RUNPATH_SEARCH_PATHS = (
					"$(inherited)",
					"@executable_path/Frameworks",
				);
				PRODUCT_BUNDLE_IDENTIFIER = "com.koseali.List-Lab";
				PRODUCT_NAME = "$(TARGET_NAME)";
				SWIFT_VERSION = 5.0;
				TARGETED_DEVICE_FAMILY = "1,2";
			};
			name = Debug;
		};
		95938DA3263196A900A34DB2 /* Release */ = {
			isa = XCBuildConfiguration;
			buildSettings = {
				ASSETCATALOG_COMPILER_APPICON_NAME = AppIcon;
				ASSETCATALOG_COMPILER_GLOBAL_ACCENT_COLOR_NAME = AccentColor;
				CODE_SIGN_STYLE = Automatic;
				DEVELOPMENT_TEAM = 6RWH32DSX5;
				INFOPLIST_FILE = List_Lab/Info.plist;
				LD_RUNPATH_SEARCH_PATHS = (
					"$(inherited)",
					"@executable_path/Frameworks",
				);
				PRODUCT_BUNDLE_IDENTIFIER = "com.koseali.List-Lab";
				PRODUCT_NAME = "$(TARGET_NAME)";
				SWIFT_VERSION = 5.0;
				TARGETED_DEVICE_FAMILY = "1,2";
			};
			name = Release;
		};
/* End XCBuildConfiguration section */

/* Begin XCConfigurationList section */
		95938D88263196A700A34DB2 /* Build configuration list for PBXProject "List_Lab" */ = {
			isa = XCConfigurationList;
			buildConfigurations = (
				95938D9F263196A900A34DB2 /* Debug */,
				95938DA0263196A900A34DB2 /* Release */,
			);
			defaultConfigurationIsVisible = 0;
			defaultConfigurationName = Release;
		};
		95938DA1263196A900A34DB2 /* Build configuration list for PBXNativeTarget "List_Lab" */ = {
			isa = XCConfigurationList;
			buildConfigurations = (
				95938DA2263196A900A34DB2 /* Debug */,
				95938DA3263196A900A34DB2 /* Release */,
			);
			defaultConfigurationIsVisible = 0;
			defaultConfigurationName = Release;
		};
/* End XCConfigurationList section */
	};
	rootObject = 95938D85263196A700A34DB2 /* Project object */;
}
